
Microsoft Visual Studio Solution File, Format Version 12.00
# Visual Studio Version 17
VisualStudioVersion = 17.14.36202.13
MinimumVisualStudioVersion = 10.0.40219.1
Project("{FAE04EC0-301F-11D3-BF4B-00C04F79EFBC}") = "OEngineResourceReader", "OEngineResourceReader\OEngineResourceReader.csproj", "{B7CD8B7B-9C88-49BD-9048-CF3D8B7D9DDD}"
EndProject
Project("{FAE04EC0-301F-11D3-BF4B-00C04F79EFBC}") = "ImageViewControls", "PictureBox\ImageViewControls.csproj", "{482EDA84-092A-49A7-9633-5CD38A1406D7}"
EndProject
Global
	GlobalSection(SolutionConfigurationPlatforms) = preSolution
		Debug|Any CPU = Debug|Any CPU
		Release|Any CPU = Release|Any CPU
	EndGlobalSection
	GlobalSection(ProjectConfigurationPlatforms) = postSolution
		{B7CD8B7B-9C88-49BD-9048-CF3D8B7D9DDD}.Debug|Any CPU.ActiveCfg = Debug|Any CPU
		{B7CD8B7B-9C88-49BD-9048-CF3D8B7D9DDD}.Debug|Any CPU.Build.0 = Debug|Any CPU
		{B7CD8B7B-9C88-49BD-9048-CF3D8B7D9DDD}.Release|Any CPU.ActiveCfg = Release|Any CPU
		{B7CD8B7B-9C88-49BD-9048-CF3D8B7D9DDD}.Release|Any CPU.Build.0 = Release|Any CPU
		{482EDA84-092A-49A7-9633-5CD38A1406D7}.Debug|Any CPU.ActiveCfg = Debug|Any CPU
		{482EDA84-092A-49A7-9633-5CD38A1406D7}.Debug|Any CPU.Build.0 = Debug|Any CPU
		{482EDA84-092A-49A7-9633-5CD38A1406D7}.Release|Any CPU.ActiveCfg = Release|Any CPU
		{482EDA84-092A-49A7-9633-5CD38A1406D7}.Release|Any CPU.Build.0 = Release|Any CPU
	EndGlobalSection
	GlobalSection(SolutionProperties) = preSolution
		HideSolutionNode = FALSE
	EndGlobalSection
	GlobalSection(ExtensibilityGlobals) = postSolution
		SolutionGuid = {CF423CB4-43C6-4160-A51F-EB5AB3D7BC2F}
	EndGlobalSection
EndGlobal
